Microsoft Visual Studio Solution File, Format Version 12.00
# Visual Studio Version 17
VisualStudioVersion = 17.5.2.0
MinimumVisualStudioVersion = 10.0.40219.1
Project("{2150E333-8FDC-42A3-9474-1A3956D46DE8}") = "Class", "Class", "{619BA216-7D54-68E0-3207-78778F1A2F23}"
EndProject
Project("{FAE04EC0-301F-11D3-BF4B-00C04F79EFBC}") = "A", "Class\A\A.csproj", "{C05FCDF3-7E1E-B2BA-A7BB-FB78A97A445E}"
EndProject
Project("{FAE04EC0-301F-11D3-BF4B-00C04F79EFBC}") = "B", "Class\B\B.csproj", "{8E255A01-AEA8-0C78-7193-C1E297BF6E39}"
EndProject
Project("{FAE04EC0-301F-11D3-BF4B-00C04F79EFBC}") = "C", "Class\C\C.csproj", "{86997AFC-5DD9-4DFC-9501-E1921B246997}"
EndProject
Project("{FAE04EC0-301F-11D3-BF4B-00C04F79EFBC}") = "D", "Class\D\D.csproj", "{48E4903C-E289-FF7C-FC1F-F8B4C3247F94}"
EndProject
Project("{FAE04EC0-301F-11D3-BF4B-00C04F79EFBC}") = "E", "Class\E\E.csproj", "{73C1383B-3DE5-74B3-A141-F6F85C8CAC07}"
EndProject
Project("{FAE04EC0-301F-11D3-BF4B-00C04F79EFBC}") = "F", "Class\F\F.csproj", "{FE42E729-8927-0987-C88B-D93560342214}"
EndProject
Project("{FAE04EC0-301F-11D3-BF4B-00C04F79EFBC}") = "G", "Class\G\G.csproj", "{8D3B094E-F3AC-D64E-D598-A6FE660AA8CE}"
EndProject
Project("{FAE04EC0-301F-11D3-BF4B-00C04F79EFBC}") = "H", "Class\H\H.csproj", "{579E0D55-6E44-B5D3-6427-F18CD8CE5CD6}"
EndProject
Project("{FAE04EC0-301F-11D3-BF4B-00C04F79EFBC}") = "I", "Class\I\I.csproj", "{DD139D56-6C29-1B78-0236-C680B24B5824}"
EndProject
Project("{FAE04EC0-301F-11D3-BF4B-00C04F79EFBC}") = "J", "Class\J\J.csproj", "{11610E16-BABB-7182-E341-79FDDD4D440A}"
EndProject
Project("{2150E333-8FDC-42A3-9474-1A3956D46DE8}") = "K_Poly", "K_Poly", "{37C9E78F-41D6-BA83-5111-BBB872FC95CD}"
EndProject
Project("{FAE04EC0-301F-11D3-BF4B-00C04F79EFBC}") = "A_Method_Overloading", "Class\K_Poly\A_Method_Overloading\A_Method_Overloading.csproj", "{07E010FC-527D-E349-B50F-49517006A2AB}"
EndProject
Project("{2150E333-8FDC-42A3-9474-1A3956D46DE8}") = "L_Constructor", "L_Constructor", "{0B502240-A1B4-BEC0-216A-59810ADC46BD}"
EndProject
Project("{FAE04EC0-301F-11D3-BF4B-00C04F79EFBC}") = "a_defualt_constructor", "Class\L_Constructor\a_defualt_constructor\a_defualt_constructor.csproj", "{7E77C011-8EAF-7A6E-95F8-A2D66EA9A7AC}"
EndProject
Project("{FAE04EC0-301F-11D3-BF4B-00C04F79EFBC}") = "b_parameterized_constructor", "Class\L_Constructor\b_parameterized_constructor\b_parameterized_constructor.csproj", "{7BCD37EF-AF9D-D737-B98B-8AEFDC0A0065}"
EndProject
Project("{FAE04EC0-301F-11D3-BF4B-00C04F79EFBC}") = "c_parameterized_constructor", "Class\L_Constructor\c_parameterized_constructor\c_parameterized_constructor.csproj", "{E74338A1-6FA5-B171-451E-5A64E5CC157C}"
EndProject
Project("{FAE04EC0-301F-11D3-BF4B-00C04F79EFBC}") = "d_parameterized_constructor", "Class\L_Constructor\d_parameterized_constructor\d_parameterized_constructor.csproj", "{E6BCBCDE-D075-EC46-B282-766E4B38EFF5}"
EndProject
Project("{FAE04EC0-301F-11D3-BF4B-00C04F79EFBC}") = "e_parameterized_constructor", "Class\L_Constructor\e_parameterized_constructor\e_parameterized_constructor.csproj", "{B7750929-420A-71AE-5C69-8A49D1BF3E5B}"
EndProject
Project("{2150E333-8FDC-42A3-9474-1A3956D46DE8}") = "M_Interface", "M_Interface", "{6134DE6F-F05E-2117-5BDC-69A692590B2A}"
EndProject
Project("{FAE04EC0-301F-11D3-BF4B-00C04F79EFBC}") = "a_interface", "Class\M_Interface\a_interface\a_interface.csproj", "{41AA4BF7-762F-9BA6-7636-EC42A37002F0}"
EndProject
Project("{FAE04EC0-301F-11D3-BF4B-00C04F79EFBC}") = "b_interface", "Class\M_Interface\b_interface\b_interface.csproj", "{4A89E1A1-2B5A-2AAE-FBE1-F62F18731478}"
EndProject
Project("{FAE04EC0-301F-11D3-BF4B-00C04F79EFBC}") = "c_interface_same_method", "Class\M_Interface\c_interface_same_method\c_interface_same_method.csproj", "{EBD42C8C-1BEA-0F11-D69A-6A91C2C14A1F}"
EndProject
Project("{FAE04EC0-301F-11D3-BF4B-00C04F79EFBC}") = "d_interface_inherit_interface", "Class\M_Interface\d_interface_inherit_interface\d_interface_inherit_interface.csproj", "{2D7FC2A6-FF6E-BA2B-FDE7-4D89E0AB95BA}"
EndProject
Project("{2150E333-8FDC-42A3-9474-1A3956D46DE8}") = "N", "N", "{61891031-8079-3F54-D96E-280F7568ADBA}"
EndProject
Project("{FAE04EC0-301F-11D3-BF4B-00C04F79EFBC}") = "a_lambda", "Class\N\a_lambda\a_lambda.csproj", "{B91A8771-5775-F4F9-8EC8-F04695D6C5E2}"
EndProject
Project("{FAE04EC0-301F-11D3-BF4B-00C04F79EFBC}") = "b_lambda", "Class\N\b_lambda\b_lambda.csproj", "{F49F2F3D-D633-9A28-3021-9072CC8B38B4}"
EndProject
Project("{FAE04EC0-301F-11D3-BF4B-00C04F79EFBC}") = "c_lambda_user_input", "Class\N\c_lambda_user_input\c_lambda_user_input.csproj", "{F249CFE2-340A-C1C8-1F47-475EFCF4EC98}"
EndProject
Project("{FAE04EC0-301F-11D3-BF4B-00C04F79EFBC}") = "d_lambda", "Class\N\d_lambda\d_lambda.csproj", "{30A3056C-56B5-7E46-9CEC-015F7E977A0D}"
EndProject
Project("{FAE04EC0-301F-11D3-BF4B-00C04F79EFBC}") = "e_lambda", "Class\N\e_lambda\e_lambda.csproj", "{71783B1A-D7CB-7714-B9FC-D081488F1403}"
EndProject
Project("{FAE04EC0-301F-11D3-BF4B-00C04F79EFBC}") = "f", "Class\N\f\f.csproj", "{FD9A3549-AB20-4D7B-C3F5-8979C8114806}"
EndProject
Project("{2150E333-8FDC-42A3-9474-1A3956D46DE8}") = "A_Method_Overloading (1)", "A_Method_Overloading (1)", "{F0C72CD7-5C4D-FE50-49F0-8E355344C4D3}"
EndProject
Project("{FAE04EC0-301F-11D3-BF4B-00C04F79EFBC}") = "B_MO_Different_Data_Type", "Class\K_Poly\A_Method_Overloading\B_MO_Different_Data_Type\B_MO_Different_Data_Type.csproj", "{7E91B737-C606-AE28-988E-0F1D79441E80}"
EndProject
Project("{FAE04EC0-301F-11D3-BF4B-00C04F79EFBC}") = "C_Overloading_By_different_sequence_parameter", "Class\K_Poly\A_Method_Overloading\C_Overloading_By_different_sequence_parameter\C_Overloading_By_different_sequence_parameter.csproj", "{1B7E97EF-09AD-9474-51A2-467D15837F48}"
EndProject
Project("{2150E333-8FDC-42A3-9474-1A3956D46DE8}") = "B_Method_Overrding", "B_Method_Overrding", "{31F80689-1732-CD02-B868-D8F2B701D393}"
EndProject
Project("{FAE04EC0-301F-11D3-BF4B-00C04F79EFBC}") = "a_overriding", "Class\K_Poly\B_Method_Overrding\a_overriding\a_overriding.csproj", "{E2589475-4487-F07E-B7EC-BFDCD2942171}"
EndProject
Global
	GlobalSection(SolutionConfigurationPlatforms) = preSolution
		Debug|Any CPU = Debug|Any CPU
		Release|Any CPU = Release|Any CPU
	EndGlobalSection
	GlobalSection(ProjectConfigurationPlatforms) = postSolution
		{C05FCDF3-7E1E-B2BA-A7BB-FB78A97A445E}.Debug|Any CPU.ActiveCfg = Debug|Any CPU
		{C05FCDF3-7E1E-B2BA-A7BB-FB78A97A445E}.Debug|Any CPU.Build.0 = Debug|Any CPU
		{C05FCDF3-7E1E-B2BA-A7BB-FB78A97A445E}.Release|Any CPU.ActiveCfg = Release|Any CPU
		{C05FCDF3-7E1E-B2BA-A7BB-FB78A97A445E}.Release|Any CPU.Build.0 = Release|Any CPU
		{8E255A01-AEA8-0C78-7193-C1E297BF6E39}.Debug|Any CPU.ActiveCfg = Debug|Any CPU
		{8E255A01-AEA8-0C78-7193-C1E297BF6E39}.Debug|Any CPU.Build.0 = Debug|Any CPU
		{8E255A01-AEA8-0C78-7193-C1E297BF6E39}.Release|Any CPU.ActiveCfg = Release|Any CPU
		{8E255A01-AEA8-0C78-7193-C1E297BF6E39}.Release|Any CPU.Build.0 = Release|Any CPU
		{86997AFC-5DD9-4DFC-9501-E1921B246997}.Debug|Any CPU.ActiveCfg = Debug|Any CPU
		{86997AFC-5DD9-4DFC-9501-E1921B246997}.Debug|Any CPU.Build.0 = Debug|Any CPU
		{86997AFC-5DD9-4DFC-9501-E1921B246997}.Release|Any CPU.ActiveCfg = Release|Any CPU
		{86997AFC-5DD9-4DFC-9501-E1921B246997}.Release|Any CPU.Build.0 = Release|Any CPU
		{48E4903C-E289-FF7C-FC1F-F8B4C3247F94}.Debug|Any CPU.ActiveCfg = Debug|Any CPU
		{48E4903C-E289-FF7C-FC1F-F8B4C3247F94}.Debug|Any CPU.Build.0 = Debug|Any CPU
		{48E4903C-E289-FF7C-FC1F-F8B4C3247F94}.Release|Any CPU.ActiveCfg = Release|Any CPU
		{48E4903C-E289-FF7C-FC1F-F8B4C3247F94}.Release|Any CPU.Build.0 = Release|Any CPU
		{73C1383B-3DE5-74B3-A141-F6F85C8CAC07}.Debug|Any CPU.ActiveCfg = Debug|Any CPU
		{73C1383B-3DE5-74B3-A141-F6F85C8CAC07}.Debug|Any CPU.Build.0 = Debug|Any CPU
		{73C1383B-3DE5-74B3-A141-F6F85C8CAC07}.Release|Any CPU.ActiveCfg = Release|Any CPU
		{73C1383B-3DE5-74B3-A141-F6F85C8CAC07}.Release|Any CPU.Build.0 = Release|Any CPU
		{FE42E729-8927-0987-C88B-D93560342214}.Debug|Any CPU.ActiveCfg = Debug|Any CPU
		{FE42E729-8927-0987-C88B-D93560342214}.Debug|Any CPU.Build.0 = Debug|Any CPU
		{FE42E729-8927-0987-C88B-D93560342214}.Release|Any CPU.ActiveCfg = Release|Any CPU
		{FE42E729-8927-0987-C88B-D93560342214}.Release|Any CPU.Build.0 = Release|Any CPU
		{8D3B094E-F3AC-D64E-D598-A6FE660AA8CE}.Debug|Any CPU.ActiveCfg = Debug|Any CPU
		{8D3B094E-F3AC-D64E-D598-A6FE660AA8CE}.Debug|Any CPU.Build.0 = Debug|Any CPU
		{8D3B094E-F3AC-D64E-D598-A6FE660AA8CE}.Release|Any CPU.ActiveCfg = Release|Any CPU
		{8D3B094E-F3AC-D64E-D598-A6FE660AA8CE}.Release|Any CPU.Build.0 = Release|Any CPU
		{579E0D55-6E44-B5D3-6427-F18CD8CE5CD6}.Debug|Any CPU.ActiveCfg = Debug|Any CPU
		{579E0D55-6E44-B5D3-6427-F18CD8CE5CD6}.Debug|Any CPU.Build.0 = Debug|Any CPU
		{579E0D55-6E44-B5D3-6427-F18CD8CE5CD6}.Release|Any CPU.ActiveCfg = Release|Any CPU
		{579E0D55-6E44-B5D3-6427-F18CD8CE5CD6}.Release|Any CPU.Build.0 = Release|Any CPU
		{DD139D56-6C29-1B78-0236-C680B24B5824}.Debug|Any CPU.ActiveCfg = Debug|Any CPU
		{DD139D56-6C29-1B78-0236-C680B24B5824}.Debug|Any CPU.Build.0 = Debug|Any CPU
		{DD139D56-6C29-1B78-0236-C680B24B5824}.Release|Any CPU.ActiveCfg = Release|Any CPU
		{DD139D56-6C29-1B78-0236-C680B24B5824}.Release|Any CPU.Build.0 = Release|Any CPU
		{11610E16-BABB-7182-E341-79FDDD4D440A}.Debug|Any CPU.ActiveCfg = Debug|Any CPU
		{11610E16-BABB-7182-E341-79FDDD4D440A}.Debug|Any CPU.Build.0 = Debug|Any CPU
		{11610E16-BABB-7182-E341-79FDDD4D440A}.Release|Any CPU.ActiveCfg = Release|Any CPU
		{11610E16-BABB-7182-E341-79FDDD4D440A}.Release|Any CPU.Build.0 = Release|Any CPU
		{07E010FC-527D-E349-B50F-49517006A2AB}.Debug|Any CPU.ActiveCfg = Debug|Any CPU
		{07E010FC-527D-E349-B50F-49517006A2AB}.Debug|Any CPU.Build.0 = Debug|Any CPU
		{07E010FC-527D-E349-B50F-49517006A2AB}.Release|Any CPU.ActiveCfg = Release|Any CPU
		{07E010FC-527D-E349-B50F-49517006A2AB}.Release|Any CPU.Build.0 = Release|Any CPU
		{7E77C011-8EAF-7A6E-95F8-A2D66EA9A7AC}.Debug|Any CPU.ActiveCfg = Debug|Any CPU
		{7E77C011-8EAF-7A6E-95F8-A2D66EA9A7AC}.Debug|Any CPU.Build.0 = Debug|Any CPU
		{7E77C011-8EAF-7A6E-95F8-A2D66EA9A7AC}.Release|Any CPU.ActiveCfg = Release|Any CPU
		{7E77C011-8EAF-7A6E-95F8-A2D66EA9A7AC}.Release|Any CPU.Build.0 = Release|Any CPU
		{7BCD37EF-AF9D-D737-B98B-8AEFDC0A0065}.Debug|Any CPU.ActiveCfg = Debug|Any CPU
		{7BCD37EF-AF9D-D737-B98B-8AEFDC0A0065}.Debug|Any CPU.Build.0 = Debug|Any CPU
		{7BCD37EF-AF9D-D737-B98B-8AEFDC0A0065}.Release|Any CPU.ActiveCfg = Release|Any CPU
		{7BCD37EF-AF9D-D737-B98B-8AEFDC0A0065}.Release|Any CPU.Build.0 = Release|Any CPU
		{E74338A1-6FA5-B171-451E-5A64E5CC157C}.Debug|Any CPU.ActiveCfg = Debug|Any CPU
		{E74338A1-6FA5-B171-451E-5A64E5CC157C}.Debug|Any CPU.Build.0 = Debug|Any CPU
		{E74338A1-6FA5-B171-451E-5A64E5CC157C}.Release|Any CPU.ActiveCfg = Release|Any CPU
		{E74338A1-6FA5-B171-451E-5A64E5CC157C}.Release|Any CPU.Build.0 = Release|Any CPU
		{E6BCBCDE-D075-EC46-B282-766E4B38EFF5}.Debug|Any CPU.ActiveCfg = Debug|Any CPU
		{E6BCBCDE-D075-EC46-B282-766E4B38EFF5}.Debug|Any CPU.Build.0 = Debug|Any CPU
		{E6BCBCDE-D075-EC46-B282-766E4B38EFF5}.Release|Any CPU.ActiveCfg = Release|Any CPU
		{E6BCBCDE-D075-EC46-B282-766E4B38EFF5}.Release|Any CPU.Build.0 = Release|Any CPU
		{B7750929-420A-71AE-5C69-8A49D1BF3E5B}.Debug|Any CPU.ActiveCfg = Debug|Any CPU
		{B7750929-420A-71AE-5C69-8A49D1BF3E5B}.Debug|Any CPU.Build.0 = Debug|Any CPU
		{B7750929-420A-71AE-5C69-8A49D1BF3E5B}.Release|Any CPU.ActiveCfg = Release|Any CPU
		{B7750929-420A-71AE-5C69-8A49D1BF3E5B}.Release|Any CPU.Build.0 = Release|Any CPU
		{41AA4BF7-762F-9BA6-7636-EC42A37002F0}.Debug|Any CPU.ActiveCfg = Debug|Any CPU
		{41AA4BF7-762F-9BA6-7636-EC42A37002F0}.Debug|Any CPU.Build.0 = Debug|Any CPU
		{41AA4BF7-762F-9BA6-7636-EC42A37002F0}.Release|Any CPU.ActiveCfg = Release|Any CPU
		{41AA4BF7-762F-9BA6-7636-EC42A37002F0}.Release|Any CPU.Build.0 = Release|Any CPU
		{4A89E1A1-2B5A-2AAE-FBE1-F62F18731478}.Debug|Any CPU.ActiveCfg = Debug|Any CPU
		{4A89E1A1-2B5A-2AAE-FBE1-F62F18731478}.Debug|Any CPU.Build.0 = Debug|Any CPU
		{4A89E1A1-2B5A-2AAE-FBE1-F62F18731478}.Release|Any CPU.ActiveCfg = Release|Any CPU
		{4A89E1A1-2B5A-2AAE-FBE1-F62F18731478}.Release|Any CPU.Build.0 = Release|Any CPU
		{EBD42C8C-1BEA-0F11-D69A-6A91C2C14A1F}.Debug|Any CPU.ActiveCfg = Debug|Any CPU
		{EBD42C8C-1BEA-0F11-D69A-6A91C2C14A1F}.Debug|Any CPU.Build.0 = Debug|Any CPU
		{EBD42C8C-1BEA-0F11-D69A-6A91C2C14A1F}.Release|Any CPU.ActiveCfg = Release|Any CPU
		{EBD42C8C-1BEA-0F11-D69A-6A91C2C14A1F}.Release|Any CPU.Build.0 = Release|Any CPU
		{2D7FC2A6-FF6E-BA2B-FDE7-4D89E0AB95BA}.Debug|Any CPU.ActiveCfg = Debug|Any CPU
		{2D7FC2A6-FF6E-BA2B-FDE7-4D89E0AB95BA}.Debug|Any CPU.Build.0 = Debug|Any CPU
		{2D7FC2A6-FF6E-BA2B-FDE7-4D89E0AB95BA}.Release|Any CPU.ActiveCfg = Release|Any CPU
		{2D7FC2A6-FF6E-BA2B-FDE7-4D89E0AB95BA}.Release|Any CPU.Build.0 = Release|Any CPU
		{B91A8771-5775-F4F9-8EC8-F04695D6C5E2}.Debug|Any CPU.ActiveCfg = Debug|Any CPU
		{B91A8771-5775-F4F9-8EC8-F04695D6C5E2}.Debug|Any CPU.Build.0 = Debug|Any CPU
		{B91A8771-5775-F4F9-8EC8-F04695D6C5E2}.Release|Any CPU.ActiveCfg = Release|Any CPU
		{B91A8771-5775-F4F9-8EC8-F04695D6C5E2}.Release|Any CPU.Build.0 = Release|Any CPU
		{F49F2F3D-D633-9A28-3021-9072CC8B38B4}.Debug|Any CPU.ActiveCfg = Debug|Any CPU
		{F49F2F3D-D633-9A28-3021-9072CC8B38B4}.Debug|Any CPU.Build.0 = Debug|Any CPU
		{F49F2F3D-D633-9A28-3021-9072CC8B38B4}.Release|Any CPU.ActiveCfg = Release|Any CPU
		{F49F2F3D-D633-9A28-3021-9072CC8B38B4}.Release|Any CPU.Build.0 = Release|Any CPU
		{F249CFE2-340A-C1C8-1F47-475EFCF4EC98}.Debug|Any CPU.ActiveCfg = Debug|Any CPU
		{F249CFE2-340A-C1C8-1F47-475EFCF4EC98}.Debug|Any CPU.Build.0 = Debug|Any CPU
		{F249CFE2-340A-C1C8-1F47-475EFCF4EC98}.Release|Any CPU.ActiveCfg = Release|Any CPU
		{F249CFE2-340A-C1C8-1F47-475EFCF4EC98}.Release|Any CPU.Build.0 = Release|Any CPU
		{30A3056C-56B5-7E46-9CEC-015F7E977A0D}.Debug|Any CPU.ActiveCfg = Debug|Any CPU
		{30A3056C-56B5-7E46-9CEC-015F7E977A0D}.Debug|Any CPU.Build.0 = Debug|Any CPU
		{30A3056C-56B5-7E46-9CEC-015F7E977A0D}.Release|Any CPU.ActiveCfg = Release|Any CPU
		{30A3056C-56B5-7E46-9CEC-015F7E977A0D}.Release|Any CPU.Build.0 = Release|Any CPU
		{71783B1A-D7CB-7714-B9FC-D081488F1403}.Debug|Any CPU.ActiveCfg = Debug|Any CPU
		{71783B1A-D7CB-7714-B9FC-D081488F1403}.Debug|Any CPU.Build.0 = Debug|Any CPU
		{71783B1A-D7CB-7714-B9FC-D081488F1403}.Release|Any CPU.ActiveCfg = Release|Any CPU
		{71783B1A-D7CB-7714-B9FC-D081488F1403}.Release|Any CPU.Build.0 = Release|Any CPU
		{FD9A3549-AB20-4D7B-C3F5-8979C8114806}.Debug|Any CPU.ActiveCfg = Debug|Any CPU
		{FD9A3549-AB20-4D7B-C3F5-8979C8114806}.Debug|Any CPU.Build.0 = Debug|Any CPU
		{FD9A3549-AB20-4D7B-C3F5-8979C8114806}.Release|Any CPU.ActiveCfg = Release|Any CPU
		{FD9A3549-AB20-4D7B-C3F5-8979C8114806}.Release|Any CPU.Build.0 = Release|Any CPU
		{7E91B737-C606-AE28-988E-0F1D79441E80}.Debug|Any CPU.ActiveCfg = Debug|Any CPU
		{7E91B737-C606-AE28-988E-0F1D79441E80}.Debug|Any CPU.Build.0 = Debug|Any CPU
		{7E91B737-C606-AE28-988E-0F1D79441E80}.Release|Any CPU.ActiveCfg = Release|Any CPU
		{7E91B737-C606-AE28-988E-0F1D79441E80}.Release|Any CPU.Build.0 = Release|Any CPU
		{1B7E97EF-09AD-9474-51A2-467D15837F48}.Debug|Any CPU.ActiveCfg = Debug|Any CPU
		{1B7E97EF-09AD-9474-51A2-467D15837F48}.Debug|Any CPU.Build.0 = Debug|Any CPU
		{1B7E97EF-09AD-9474-51A2-467D15837F48}.Release|Any CPU.ActiveCfg = Release|Any CPU
		{1B7E97EF-09AD-9474-51A2-467D15837F48}.Release|Any CPU.Build.0 = Release|Any CPU
		{E2589475-4487-F07E-B7EC-BFDCD2942171}.Debug|Any CPU.ActiveCfg = Debug|Any CPU
		{E2589475-4487-F07E-B7EC-BFDCD2942171}.Debug|Any CPU.Build.0 = Debug|Any CPU
		{E2589475-4487-F07E-B7EC-BFDCD2942171}.Release|Any CPU.ActiveCfg = Release|Any CPU
		{E2589475-4487-F07E-B7EC-BFDCD2942171}.Release|Any CPU.Build.0 = Release|Any CPU
	EndGlobalSection
	GlobalSection(SolutionProperties) = preSolution
		HideSolutionNode = FALSE
	EndGlobalSection
	GlobalSection(NestedProjects) = preSolution
		{C05FCDF3-7E1E-B2BA-A7BB-FB78A97A445E} = {619BA216-7D54-68E0-3207-78778F1A2F23}
		{8E255A01-AEA8-0C78-7193-C1E297BF6E39} = {619BA216-7D54-68E0-3207-78778F1A2F23}
		{86997AFC-5DD9-4DFC-9501-E1921B246997} = {619BA216-7D54-68E0-3207-78778F1A2F23}
		{48E4903C-E289-FF7C-FC1F-F8B4C3247F94} = {619BA216-7D54-68E0-3207-78778F1A2F23}
		{73C1383B-3DE5-74B3-A141-F6F85C8CAC07} = {619BA216-7D54-68E0-3207-78778F1A2F23}
		{FE42E729-8927-0987-C88B-D93560342214} = {619BA216-7D54-68E0-3207-78778F1A2F23}
		{8D3B094E-F3AC-D64E-D598-A6FE660AA8CE} = {619BA216-7D54-68E0-3207-78778F1A2F23}
		{579E0D55-6E44-B5D3-6427-F18CD8CE5CD6} = {619BA216-7D54-68E0-3207-78778F1A2F23}
		{DD139D56-6C29-1B78-0236-C680B24B5824} = {619BA216-7D54-68E0-3207-78778F1A2F23}
		{11610E16-BABB-7182-E341-79FDDD4D440A} = {619BA216-7D54-68E0-3207-78778F1A2F23}
		{37C9E78F-41D6-BA83-5111-BBB872FC95CD} = {619BA216-7D54-68E0-3207-78778F1A2F23}
		{07E010FC-527D-E349-B50F-49517006A2AB} = {37C9E78F-41D6-BA83-5111-BBB872FC95CD}
		{0B502240-A1B4-BEC0-216A-59810ADC46BD} = {619BA216-7D54-68E0-3207-78778F1A2F23}
		{7E77C011-8EAF-7A6E-95F8-A2D66EA9A7AC} = {0B502240-A1B4-BEC0-216A-59810ADC46BD}
		{7BCD37EF-AF9D-D737-B98B-8AEFDC0A0065} = {0B502240-A1B4-BEC0-216A-59810ADC46BD}
		{E74338A1-6FA5-B171-451E-5A64E5CC157C} = {0B502240-A1B4-BEC0-216A-59810ADC46BD}
		{E6BCBCDE-D075-EC46-B282-766E4B38EFF5} = {0B502240-A1B4-BEC0-216A-59810ADC46BD}
		{B7750929-420A-71AE-5C69-8A49D1BF3E5B} = {0B502240-A1B4-BEC0-216A-59810ADC46BD}
		{6134DE6F-F05E-2117-5BDC-69A692590B2A} = {619BA216-7D54-68E0-3207-78778F1A2F23}
		{41AA4BF7-762F-9BA6-7636-EC42A37002F0} = {6134DE6F-F05E-2117-5BDC-69A692590B2A}
		{4A89E1A1-2B5A-2AAE-FBE1-F62F18731478} = {6134DE6F-F05E-2117-5BDC-69A692590B2A}
		{EBD42C8C-1BEA-0F11-D69A-6A91C2C14A1F} = {6134DE6F-F05E-2117-5BDC-69A692590B2A}
		{2D7FC2A6-FF6E-BA2B-FDE7-4D89E0AB95BA} = {6134DE6F-F05E-2117-5BDC-69A692590B2A}
		{61891031-8079-3F54-D96E-280F7568ADBA} = {619BA216-7D54-68E0-3207-78778F1A2F23}
		{B91A8771-5775-F4F9-8EC8-F04695D6C5E2} = {61891031-8079-3F54-D96E-280F7568ADBA}
		{F49F2F3D-D633-9A28-3021-9072CC8B38B4} = {61891031-8079-3F54-D96E-280F7568ADBA}
		{F249CFE2-340A-C1C8-1F47-475EFCF4EC98} = {61891031-8079-3F54-D96E-280F7568ADBA}
		{30A3056C-56B5-7E46-9CEC-015F7E977A0D} = {61891031-8079-3F54-D96E-280F7568ADBA}
		{71783B1A-D7CB-7714-B9FC-D081488F1403} = {61891031-8079-3F54-D96E-280F7568ADBA}
		{FD9A3549-AB20-4D7B-C3F5-8979C8114806} = {61891031-8079-3F54-D96E-280F7568ADBA}
		{F0C72CD7-5C4D-FE50-49F0-8E355344C4D3} = {37C9E78F-41D6-BA83-5111-BBB872FC95CD}
		{7E91B737-C606-AE28-988E-0F1D79441E80} = {F0C72CD7-5C4D-FE50-49F0-8E355344C4D3}
		{1B7E97EF-09AD-9474-51A2-467D15837F48} = {F0C72CD7-5C4D-FE50-49F0-8E355344C4D3}
		{31F80689-1732-CD02-B868-D8F2B701D393} = {37C9E78F-41D6-BA83-5111-BBB872FC95CD}
		{E2589475-4487-F07E-B7EC-BFDCD2942171} = {31F80689-1732-CD02-B868-D8F2B701D393}
	EndGlobalSection
	GlobalSection(ExtensibilityGlobals) = postSolution
		SolutionGuid = {C1B85AD5-CAD1-4383-A2A3-484DD47D3E6B}
	EndGlobalSection
EndGlobal
